{
  "name": "Switkor",
  "lockfileVersion": 3,
  "requires": true,
  "packages": {
    "": {
      "dependencies": {
        "jwt-decode": "^4.0.0",
        "lucide-react": "^0.513.0",
        "zustand": "^5.0.5"
      },
      "devDependencies": {
        "@types/jwt-decode": "^3.1.0"
      }
    },
    "node_modules/@types/jwt-decode": {
      "version": "3.1.0",
      "resolved": "https://registry.npmjs.org/@types/jwt-decode/-/jwt-decode-3.1.0.tgz",
      "integrity": "sha512-tthwik7TKkou3mVnBnvVuHnHElbjtdbM63pdBCbZTirCt3WAdM73Y79mOri7+ljsS99ZVwUFZHLMxJuJnv/z1w==",
      "deprecated": "This is a stub types definition. jwt-decode provides its own type definitions, so you do not need this installed.",
      "dev": true,
      "dependencies": {
        "jwt-decode": "*"
      }
    },
    "node_modules/jwt-decode": {
      "version": "4.0.0",
      "resolved": "https://registry.npmjs.org/jwt-decode/-/jwt-decode-4.0.0.tgz",
      "integrity": "sha512-+KJGIyHgkGuIq3IEBNftfhW/LfWhXUIY6OmyVWjliu5KH1y0fw7VQ8YndE2O4qZdMSd9SqbnC8GOcZEy0Om7sA==",
      "engines": {
        "node": ">=18"
      }
    },
    "node_modules/lucide-react": {
      "version": "0.513.0",
      "resolved": "https://registry.npmjs.org/lucide-react/-/lucide-react-0.513.0.tgz",
      "integrity": "sha512-CJZKq2g8Y8yN4Aq002GahSXbG2JpFv9kXwyiOAMvUBv7pxeOFHUWKB0mO7MiY4ZVFCV4aNjv2BJFq/z3DgKPQg==",
      "peerDependencies": {
        "react": "^16.5.1 || ^17.0.0 || ^18.0.0 || ^19.0.0"
      }
    },
    "node_modules/react": {
      "version": "19.1.0",
      "resolved": "https://registry.npmjs.org/react/-/react-19.1.0.tgz",
      "integrity": "sha512-FS+XFBNvn3GTAWq26joslQgWNoFu08F4kl0J4CgdNKADkdSGXQyTCnKteIAJy96Br6YbpEU1LSzV5dYtjMkMDg==",
      "peer": true,
      "engines": {
        "node": ">=0.10.0"
      }
    },
    "node_modules/zustand": {
      "version": "5.0.5",
      "resolved": "https://registry.npmjs.org/zustand/-/zustand-5.0.5.tgz",
      "integrity": "sha512-mILtRfKW9xM47hqxGIxCv12gXusoY/xTSHBYApXozR0HmQv299whhBeeAcRy+KrPPybzosvJBCOmVjq6x12fCg==",
      "engines": {
        "node": ">=12.20.0"
      },
      "peerDependencies": {
        "@types/react": ">=18.0.0",
        "immer": ">=9.0.6",
        "react": ">=18.0.0",
        "use-sync-external-store": ">=1.2.0"
      },
      "peerDependenciesMeta": {
        "@types/react": {
          "optional": true
        },
        "immer": {
          "optional": true
        },
        "react": {
          "optional": true
        },
        "use-sync-external-store": {
          "optional": true
        }
      }
    }
  }
}
